
Microsoft Visual Studio Solution File, Format Version 12.00
# Visual Studio 15
Project("{FAE04EC0-301F-11D3-BF4B-00C04F79EFBC}") = "Assembly-CSharp", "Assembly-CSharp.csproj", "{14812B4F-E66D-A1C7-78C7-AE22F5C5AE60}"
EndProject
Project("{FAE04EC0-301F-11D3-BF4B-00C04F79EFBC}") = "Assembly-CSharp-Editor", "Assembly-CSharp-Editor.csproj", "{2C00BB05-9FEA-FCD1-576B-D94102D5AAD4}"
EndProject
Global
	GlobalSection(SolutionConfigurationPlatforms) = preSolution
		Debug|Any CPU = Debug|Any CPU
		Release|Any CPU = Release|Any CPU
	EndGlobalSection
	GlobalSection(ProjectConfigurationPlatforms) = postSolution
		{14812B4F-E66D-A1C7-78C7-AE22F5C5AE60}.Debug|Any CPU.ActiveCfg = Debug|Any CPU
		{14812B4F-E66D-A1C7-78C7-AE22F5C5AE60}.Debug|Any CPU.Build.0 = Debug|Any CPU
		{14812B4F-E66D-A1C7-78C7-AE22F5C5AE60}.Release|Any CPU.ActiveCfg = Release|Any CPU
		{14812B4F-E66D-A1C7-78C7-AE22F5C5AE60}.Release|Any CPU.Build.0 = Release|Any CPU
		{2C00BB05-9FEA-FCD1-576B-D94102D5AAD4}.Debug|Any CPU.ActiveCfg = Debug|Any CPU
		{2C00BB05-9FEA-FCD1-576B-D94102D5AAD4}.Debug|Any CPU.Build.0 = Debug|Any CPU
		{2C00BB05-9FEA-FCD1-576B-D94102D5AAD4}.Release|Any CPU.ActiveCfg = Release|Any CPU
		{2C00BB05-9FEA-FCD1-576B-D94102D5AAD4}.Release|Any CPU.Build.0 = Release|Any CPU
	EndGlobalSection
	GlobalSection(SolutionProperties) = preSolution
		HideSolutionNode = FALSE
	EndGlobalSection
EndGlobal
